# This file is automatically @generated by Cargo.
# It is not intended for manual editing.
version = 4

[[package]]
name = "filelicense-crate"
version = "0.3.0"

[[package]]
name = "gpl-crate"
version = "2.0.0"

[[package]]
name = "mit-crate"
version = "1.0.0"

[[package]]
name = "test-project"
version = "0.1.0"
dependencies = [
 "filelicense-crate",
 "gpl-crate",
 "mit-crate",
]
